// !$*UTF8*$!
{
	archiveVersion = 1;
	classes = {
	};
	objectVersion = 51;
	objects = {

/* Begin PBXBuildFile section */
		0AF8701288555D493DE9C491 /* Pods_ESCache_Demo_watchos_WatchKit_App.framework in Frameworks */ = {isa = PBXBuildFile; fileRef = 1FF9EAB1943E08BE560F98CA /* Pods_ESCache_Demo_watchos_WatchKit_App.framework */; };
		1AAC6C0E2582717000AA40FE /* AppDelegate.swift in Sources */ = {isa = PBXBuildFile; fileRef = 1AAC6C0D2582717000AA40FE /* AppDelegate.swift */; };
		1AAC6C102582717000AA40FE /* SceneDelegate.swift in Sources */ = {isa = PBXBuildFile; fileRef = 1AAC6C0F2582717000AA40FE /* SceneDelegate.swift */; };
		1AAC6C122582717000AA40FE /* ViewController.swift in Sources */ = {isa = PBXBuildFile; fileRef = 1AAC6C112582717000AA40FE /* ViewController.swift */; };
		1AAC6C152582717000AA40FE /* Main.storyboard in Resources */ = {isa = PBXBuildFile; fileRef = 1AAC6C132582717000AA40FE /* Main.storyboard */; };
		1AAC6C172582717000AA40FE /* Assets.xcassets in Resources */ = {isa = PBXBuildFile; fileRef = 1AAC6C162582717000AA40FE /* Assets.xcassets */; };
		1AAC6C1A2582717000AA40FE /* LaunchScreen.storyboard in Resources */ = {isa = PBXBuildFile; fileRef = 1AAC6C182582717000AA40FE /* LaunchScreen.storyboard */; };
		1AAC6C44258272B900AA40FE /* AppDelegate.swift in Sources */ = {isa = PBXBuildFile; fileRef = 1AAC6C43258272B900AA40FE /* AppDelegate.swift */; };
		1AAC6C46258272B900AA40FE /* ViewController.swift in Sources */ = {isa = PBXBuildFile; fileRef = 1AAC6C45258272B900AA40FE /* ViewController.swift */; };
		1AAC6C48258272BA00AA40FE /* Assets.xcassets in Resources */ = {isa = PBXBuildFile; fileRef = 1AAC6C47258272BA00AA40FE /* Assets.xcassets */; };
		1AAC6C4B258272BA00AA40FE /* Main.storyboard in Resources */ = {isa = PBXBuildFile; fileRef = 1AAC6C49258272BA00AA40FE /* Main.storyboard */; };
		1AAC6C5D258272F100AA40FE /* AppDelegate.swift in Sources */ = {isa = PBXBuildFile; fileRef = 1AAC6C5C258272F100AA40FE /* AppDelegate.swift */; };
		1AAC6C5F258272F100AA40FE /* ViewController.swift in Sources */ = {isa = PBXBuildFile; fileRef = 1AAC6C5E258272F100AA40FE /* ViewController.swift */; };
		1AAC6C62258272F100AA40FE /* Main.storyboard in Resources */ = {isa = PBXBuildFile; fileRef = 1AAC6C60258272F100AA40FE /* Main.storyboard */; };
		1AAC6C64258272F200AA40FE /* Assets.xcassets in Resources */ = {isa = PBXBuildFile; fileRef = 1AAC6C63258272F200AA40FE /* Assets.xcassets */; };
		1AAC6C67258272F200AA40FE /* LaunchScreen.storyboard in Resources */ = {isa = PBXBuildFile; fileRef = 1AAC6C65258272F200AA40FE /* LaunchScreen.storyboard */; };
		1AAC6C782582746C00AA40FE /* ESCache-Demo-watchos WatchKit App.app in Embed Watch Content */ = {isa = PBXBuildFile; fileRef = 1AAC6C772582746C00AA40FE /* ESCache-Demo-watchos WatchKit App.app */; settings = {ATTRIBUTES = (RemoveHeadersOnCopy, ); }; };
		1AAC6C7E2582746C00AA40FE /* Interface.storyboard in Resources */ = {isa = PBXBuildFile; fileRef = 1AAC6C7C2582746C00AA40FE /* Interface.storyboard */; };
		1AAC6C802582746D00AA40FE /* Assets.xcassets in Resources */ = {isa = PBXBuildFile; fileRef = 1AAC6C7F2582746D00AA40FE /* Assets.xcassets */; };
		1AAC6C872582746D00AA40FE /* ESCache-Demo-watchos WatchKit Extension.appex in Embed App Extensions */ = {isa = PBXBuildFile; fileRef = 1AAC6C862582746D00AA40FE /* ESCache-Demo-watchos WatchKit Extension.appex */; settings = {ATTRIBUTES = (RemoveHeadersOnCopy, ); }; };
		1AAC6C8C2582746D00AA40FE /* InterfaceController.swift in Sources */ = {isa = PBXBuildFile; fileRef = 1AAC6C8B2582746D00AA40FE /* InterfaceController.swift */; };
		1AAC6C8E2582746D00AA40FE /* ExtensionDelegate.swift in Sources */ = {isa = PBXBuildFile; fileRef = 1AAC6C8D2582746D00AA40FE /* ExtensionDelegate.swift */; };
		1AAC6C922582746E00AA40FE /* Assets.xcassets in Resources */ = {isa = PBXBuildFile; fileRef = 1AAC6C912582746E00AA40FE /* Assets.xcassets */; };
		1B4878ED390D3E5AF4E04A53 /* Pods_ESCache_Demo.framework in Frameworks */ = {isa = PBXBuildFile; fileRef = 44F7BAAAFAFA76BD35A224BC /* Pods_ESCache_Demo.framework */; };
		3EC8AA4D58E008932C24B1F1 /* Pods_ESCache_Demo_watchos_WatchKit_Extension.framework in Frameworks */ = {isa = PBXBuildFile; fileRef = 1EC5D8D862674C175DFFE4E9 /* Pods_ESCache_Demo_watchos_WatchKit_Extension.framework */; };
		4D684AC895827858E0F3335B /* Pods_ESCache_Demo_macos.framework in Frameworks */ = {isa = PBXBuildFile; fileRef = 76FCD2BA351E2328AE786A02 /* Pods_ESCache_Demo_macos.framework */; };
		A3F79FD87FFB8D3B8BD7A83E /* Pods_ESCache_Demo_watchos.framework in Frameworks */ = {isa = PBXBuildFile; fileRef = 6AFC71CE08EB5B92A5A9DAD0 /* Pods_ESCache_Demo_watchos.framework */; };
		C6A911B7E75E7B6647F1E292 /* Pods_ESCache_Demo_tvos.framework in Frameworks */ = {isa = PBXBuildFile; fileRef = 04004DAEF5317A81CCECB131 /* Pods_ESCache_Demo_tvos.framework */; };
/* End PBXBuildFile section */

/* Begin PBXContainerItemProxy section */
		1AAC6C792582746C00AA40FE /* PBXContainerItemProxy */ = {
			isa = PBXContainerItemProxy;
			containerPortal = 1AAC6C022582717000AA40FE /* Project object */;
			proxyType = 1;
			remoteGlobalIDString = 1AAC6C762582746C00AA40FE;
			remoteInfo = "ESCache-Demo-watchos WatchKit App";
		};
		1AAC6C882582746D00AA40FE /* PBXContainerItemProxy */ = {
			isa = PBXContainerItemProxy;
			containerPortal = 1AAC6C022582717000AA40FE /* Project object */;
			proxyType = 1;
			remoteGlobalIDString = 1AAC6C852582746D00AA40FE;
			remoteInfo = "ESCache-Demo-watchos WatchKit Extension";
		};
/* End PBXContainerItemProxy section */

/* Begin PBXCopyFilesBuildPhase section */
		1AAC6C3C2582726000AA40FE /* Embed Frameworks */ = {
			isa = PBXCopyFilesBuildPhase;
			buildActionMask = 2147483647;
			dstPath = "";
			dstSubfolderSpec = 10;
			files = (
			);
			name = "Embed Frameworks";
			runOnlyForDeploymentPostprocessing = 0;
		};
		1AAC6C55258272C400AA40FE /* Embed Frameworks */ = {
			isa = PBXCopyFilesBuildPhase;
			buildActionMask = 2147483647;
			dstPath = "";
			dstSubfolderSpec = 10;
			files = (
			);
			name = "Embed Frameworks";
			runOnlyForDeploymentPostprocessing = 0;
		};
		1AAC6C70258272FB00AA40FE /* Embed Frameworks */ = {
			isa = PBXCopyFilesBuildPhase;
			buildActionMask = 2147483647;
			dstPath = "";
			dstSubfolderSpec = 10;
			files = (
			);
			name = "Embed Frameworks";
			runOnlyForDeploymentPostprocessing = 0;
		};
		1AAC6C972582746E00AA40FE /* Embed App Extensions */ = {
			isa = PBXCopyFilesBuildPhase;
			buildActionMask = 2147483647;
			dstPath = "";
			dstSubfolderSpec = 13;
			files = (
				1AAC6C872582746D00AA40FE /* ESCache-Demo-watchos WatchKit Extension.appex in Embed App Extensions */,
			);
			name = "Embed App Extensions";
			runOnlyForDeploymentPostprocessing = 0;
		};
		1AAC6C9B2582746E00AA40FE /* Embed Watch Content */ = {
			isa = PBXCopyFilesBuildPhase;
			buildActionMask = 2147483647;
			dstPath = "$(CONTENTS_FOLDER_PATH)/Watch";
			dstSubfolderSpec = 16;
			files = (
				1AAC6C782582746C00AA40FE /* ESCache-Demo-watchos WatchKit App.app in Embed Watch Content */,
			);
			name = "Embed Watch Content";
			runOnlyForDeploymentPostprocessing = 0;
		};
		1AAC6CA82582749800AA40FE /* Embed Frameworks */ = {
			isa = PBXCopyFilesBuildPhase;
			buildActionMask = 2147483647;
			dstPath = "";
			dstSubfolderSpec = 10;
			files = (
			);
			name = "Embed Frameworks";
			runOnlyForDeploymentPostprocessing = 0;
		};
/* End PBXCopyFilesBuildPhase section */

/* Begin PBXFileReference section */
		04004DAEF5317A81CCECB131 /* Pods_ESCache_Demo_tvos.framework */ = {isa = PBXFileReference; explicitFileType = wrapper.framework; includeInIndex = 0; path = Pods_ESCache_Demo_tvos.framework; sourceTree = BUILT_PRODUCTS_DIR; };
		045729FD75F9141423FAFDFE /* Pods-ESCache-Demo-watchos.debug.xcconfig */ = {isa = PBXFileReference; includeInIndex = 1; lastKnownFileType = text.xcconfig; name = "Pods-ESCache-Demo-watchos.debug.xcconfig"; path = "Target Support Files/Pods-ESCache-Demo-watchos/Pods-ESCache-Demo-watchos.debug.xcconfig"; sourceTree = "<group>"; };
		0CE10B18FEC99F3A7344B20F /* Pods-ESCache-Demo-tvos.release.xcconfig */ = {isa = PBXFileReference; includeInIndex = 1; lastKnownFileType = text.xcconfig; name = "Pods-ESCache-Demo-tvos.release.xcconfig"; path = "Target Support Files/Pods-ESCache-Demo-tvos/Pods-ESCache-Demo-tvos.release.xcconfig"; sourceTree = "<group>"; };
		1AAC6C0A2582717000AA40FE /* ESCache-Demo.app */ = {isa = PBXFileReference; explicitFileType = wrapper.application; includeInIndex = 0; path = "ESCache-Demo.app"; sourceTree = BUILT_PRODUCTS_DIR; };
		1AAC6C0D2582717000AA40FE /* AppDelegate.swift */ = {isa = PBXFileReference; lastKnownFileType = sourcecode.swift; path = AppDelegate.swift; sourceTree = "<group>"; };
		1AAC6C0F2582717000AA40FE /* SceneDelegate.swift */ = {isa = PBXFileReference; lastKnownFileType = sourcecode.swift; path = SceneDelegate.swift; sourceTree = "<group>"; };
		1AAC6C112582717000AA40FE /* ViewController.swift */ = {isa = PBXFileReference; lastKnownFileType = sourcecode.swift; path = ViewController.swift; sourceTree = "<group>"; };
		1AAC6C142582717000AA40FE /* Base */ = {isa = PBXFileReference; lastKnownFileType = file.storyboard; name = Base; path = Base.lproj/Main.storyboard; sourceTree = "<group>"; };
		1AAC6C162582717000AA40FE /* Assets.xcassets */ = {isa = PBXFileReference; lastKnownFileType = folder.assetcatalog; path = Assets.xcassets; sourceTree = "<group>"; };
		1AAC6C192582717000AA40FE /* Base */ = {isa = PBXFileReference; lastKnownFileType = file.storyboard; name = Base; path = Base.lproj/LaunchScreen.storyboard; sourceTree = "<group>"; };
		1AAC6C1B2582717000AA40FE /* Info.plist */ = {isa = PBXFileReference; lastKnownFileType = text.plist.xml; path = Info.plist; sourceTree = "<group>"; };
		1AAC6C41258272B900AA40FE /* ESCache-Demo-macos.app */ = {isa = PBXFileReference; explicitFileType = wrapper.application; includeInIndex = 0; path = "ESCache-Demo-macos.app"; sourceTree = BUILT_PRODUCTS_DIR; };
		1AAC6C43258272B900AA40FE /* AppDelegate.swift */ = {isa = PBXFileReference; lastKnownFileType = sourcecode.swift; path = AppDelegate.swift; sourceTree = "<group>"; };
		1AAC6C45258272B900AA40FE /* ViewController.swift */ = {isa = PBXFileReference; lastKnownFileType = sourcecode.swift; path = ViewController.swift; sourceTree = "<group>"; };
		1AAC6C47258272BA00AA40FE /* Assets.xcassets */ = {isa = PBXFileReference; lastKnownFileType = folder.assetcatalog; path = Assets.xcassets; sourceTree = "<group>"; };
		1AAC6C4A258272BA00AA40FE /* Base */ = {isa = PBXFileReference; lastKnownFileType = file.storyboard; name = Base; path = Base.lproj/Main.storyboard; sourceTree = "<group>"; };
		1AAC6C4C258272BA00AA40FE /* Info.plist */ = {isa = PBXFileReference; lastKnownFileType = text.plist.xml; path = Info.plist; sourceTree = "<group>"; };
		1AAC6C4D258272BA00AA40FE /* ESCache_Demo_macos.entitlements */ = {isa = PBXFileReference; lastKnownFileType = text.plist.entitlements; path = ESCache_Demo_macos.entitlements; sourceTree = "<group>"; };
		1AAC6C5A258272F100AA40FE /* ESCache-Demo-tvos.app */ = {isa = PBXFileReference; explicitFileType = wrapper.application; includeInIndex = 0; path = "ESCache-Demo-tvos.app"; sourceTree = BUILT_PRODUCTS_DIR; };
		1AAC6C5C258272F100AA40FE /* AppDelegate.swift */ = {isa = PBXFileReference; lastKnownFileType = sourcecode.swift; path = AppDelegate.swift; sourceTree = "<group>"; };
		1AAC6C5E258272F100AA40FE /* ViewController.swift */ = {isa = PBXFileReference; lastKnownFileType = sourcecode.swift; path = ViewController.swift; sourceTree = "<group>"; };
		1AAC6C61258272F100AA40FE /* Base */ = {isa = PBXFileReference; lastKnownFileType = file.storyboard; name = Base; path = Base.lproj/Main.storyboard; sourceTree = "<group>"; };
		1AAC6C63258272F200AA40FE /* Assets.xcassets */ = {isa = PBXFileReference; lastKnownFileType = folder.assetcatalog; path = Assets.xcassets; sourceTree = "<group>"; };
		1AAC6C66258272F200AA40FE /* Base */ = {isa = PBXFileReference; lastKnownFileType = file.storyboard; name = Base; path = Base.lproj/LaunchScreen.storyboard; sourceTree = "<group>"; };
		1AAC6C68258272F200AA40FE /* Info.plist */ = {isa = PBXFileReference; lastKnownFileType = text.plist.xml; path = Info.plist; sourceTree = "<group>"; };
		1AAC6C742582746B00AA40FE /* ESCache-Demo-watchos.app */ = {isa = PBXFileReference; explicitFileType = wrapper.application; includeInIndex = 0; path = "ESCache-Demo-watchos.app"; sourceTree = BUILT_PRODUCTS_DIR; };
		1AAC6C772582746C00AA40FE /* ESCache-Demo-watchos WatchKit App.app */ = {isa = PBXFileReference; explicitFileType = wrapper.application; includeInIndex = 0; path = "ESCache-Demo-watchos WatchKit App.app"; sourceTree = BUILT_PRODUCTS_DIR; };
		1AAC6C7D2582746C00AA40FE /* Base */ = {isa = PBXFileReference; lastKnownFileType = file.storyboard; name = Base; path = Base.lproj/Interface.storyboard; sourceTree = "<group>"; };
		1AAC6C7F2582746D00AA40FE /* Assets.xcassets */ = {isa = PBXFileReference; lastKnownFileType = folder.assetcatalog; path = Assets.xcassets; sourceTree = "<group>"; };
		1AAC6C812582746D00AA40FE /* Info.plist */ = {isa = PBXFileReference; lastKnownFileType = text.plist.xml; path = Info.plist; sourceTree = "<group>"; };
		1AAC6C862582746D00AA40FE /* ESCache-Demo-watchos WatchKit Extension.appex */ = {isa = PBXFileReference; explicitFileType = "wrapper.app-extension"; includeInIndex = 0; path = "ESCache-Demo-watchos WatchKit Extension.appex"; sourceTree = BUILT_PRODUCTS_DIR; };
		1AAC6C8B2582746D00AA40FE /* InterfaceController.swift */ = {isa = PBXFileReference; lastKnownFileType = sourcecode.swift; path = InterfaceController.swift; sourceTree = "<group>"; };
		1AAC6C8D2582746D00AA40FE /* ExtensionDelegate.swift */ = {isa = PBXFileReference; lastKnownFileType = sourcecode.swift; path = ExtensionDelegate.swift; sourceTree = "<group>"; };
		1AAC6C912582746E00AA40FE /* Assets.xcassets */ = {isa = PBXFileReference; lastKnownFileType = folder.assetcatalog; path = Assets.xcassets; sourceTree = "<group>"; };
		1AAC6C932582746E00AA40FE /* Info.plist */ = {isa = PBXFileReference; lastKnownFileType = text.plist.xml; path = Info.plist; sourceTree = "<group>"; };
		1EC5D8D862674C175DFFE4E9 /* Pods_ESCache_Demo_watchos_WatchKit_Extension.framework */ = {isa = PBXFileReference; explicitFileType = wrapper.framework; includeInIndex = 0; path = Pods_ESCache_Demo_watchos_WatchKit_Extension.framework; sourceTree = BUILT_PRODUCTS_DIR; };
		1FF9EAB1943E08BE560F98CA /* Pods_ESCache_Demo_watchos_WatchKit_App.framework */ = {isa = PBXFileReference; explicitFileType = wrapper.framework; includeInIndex = 0; path = Pods_ESCache_Demo_watchos_WatchKit_App.framework; sourceTree = BUILT_PRODUCTS_DIR; };
		2A789F337C5F9548A53827ED /* Pods-ESCache-Demo-watchos WatchKit App.release.xcconfig */ = {isa = PBXFileReference; includeInIndex = 1; lastKnownFileType = text.xcconfig; name = "Pods-ESCache-Demo-watchos WatchKit App.release.xcconfig"; path = "Target Support Files/Pods-ESCache-Demo-watchos WatchKit App/Pods-ESCache-Demo-watchos WatchKit App.release.xcconfig"; sourceTree = "<group>"; };
		44F7BAAAFAFA76BD35A224BC /* Pods_ESCache_Demo.framework */ = {isa = PBXFileReference; explicitFileType = wrapper.framework; includeInIndex = 0; path = Pods_ESCache_Demo.framework; sourceTree = BUILT_PRODUCTS_DIR; };
		6AFC71CE08EB5B92A5A9DAD0 /* Pods_ESCache_Demo_watchos.framework */ = {isa = PBXFileReference; explicitFileType = wrapper.framework; includeInIndex = 0; path = Pods_ESCache_Demo_watchos.framework; sourceTree = BUILT_PRODUCTS_DIR; };
		6CC25F32BE27EFB346D24474 /* Pods-ESCache-Demo-tvos.debug.xcconfig */ = {isa = PBXFileReference; includeInIndex = 1; lastKnownFileType = text.xcconfig; name = "Pods-ESCache-Demo-tvos.debug.xcconfig"; path = "Target Support Files/Pods-ESCache-Demo-tvos/Pods-ESCache-Demo-tvos.debug.xcconfig"; sourceTree = "<group>"; };
		76FCD2BA351E2328AE786A02 /* Pods_ESCache_Demo_macos.framework */ = {isa = PBXFileReference; explicitFileType = wrapper.framework; includeInIndex = 0; path = Pods_ESCache_Demo_macos.framework; sourceTree = BUILT_PRODUCTS_DIR; };
		7BB65E8D37BC00ED41E480C8 /* Pods-ESCache-Demo-watchos WatchKit Extension.release.xcconfig */ = {isa = PBXFileReference; includeInIndex = 1; lastKnownFileType = text.xcconfig; name = "Pods-ESCache-Demo-watchos WatchKit Extension.release.xcconfig"; path = "Target Support Files/Pods-ESCache-Demo-watchos WatchKit Extension/Pods-ESCache-Demo-watchos WatchKit Extension.release.xcconfig"; sourceTree = "<group>"; };
		7DC43D64B88E838E1A6721CC /* Pods-ESCache-Demo-macos.debug.xcconfig */ = {isa = PBXFileReference; includeInIndex = 1; lastKnownFileType = text.xcconfig; name = "Pods-ESCache-Demo-macos.debug.xcconfig"; path = "Target Support Files/Pods-ESCache-Demo-macos/Pods-ESCache-Demo-macos.debug.xcconfig"; sourceTree = "<group>"; };
		8249AF6A75761F7595201DEB /* Pods-ESCache-Demo-watchos WatchKit App.debug.xcconfig */ = {isa = PBXFileReference; includeInIndex = 1; lastKnownFileType = text.xcconfig; name = "Pods-ESCache-Demo-watchos WatchKit App.debug.xcconfig"; path = "Target Support Files/Pods-ESCache-Demo-watchos WatchKit App/Pods-ESCache-Demo-watchos WatchKit App.debug.xcconfig"; sourceTree = "<group>"; };
		AC8460FEA7D5890F9EEEDE01 /* Pods-ESCache-Demo-macos.release.xcconfig */ = {isa = PBXFileReference; includeInIndex = 1; lastKnownFileType = text.xcconfig; name = "Pods-ESCache-Demo-macos.release.xcconfig"; path = "Target Support Files/Pods-ESCache-Demo-macos/Pods-ESCache-Demo-macos.release.xcconfig"; sourceTree = "<group>"; };
		B21355234FC6EE017A62A89C /* Pods-ESCache-Demo-watchos WatchKit Extension.debug.xcconfig */ = {isa = PBXFileReference; includeInIndex = 1; lastKnownFileType = text.xcconfig; name = "Pods-ESCache-Demo-watchos WatchKit Extension.debug.xcconfig"; path = "Target Support Files/Pods-ESCache-Demo-watchos WatchKit Extension/Pods-ESCache-Demo-watchos WatchKit Extension.debug.xcconfig"; sourceTree = "<group>"; };
		BE8282BC13187424B9F1AE3B /* Pods-ESCache-Demo.release.xcconfig */ = {isa = PBXFileReference; includeInIndex = 1; lastKnownFileType = text.xcconfig; name = "Pods-ESCache-Demo.release.xcconfig"; path = "Target Support Files/Pods-ESCache-Demo/Pods-ESCache-Demo.release.xcconfig"; sourceTree = "<group>"; };
		C6874669569D682F92442F62 /* Pods-ESCache-Demo-watchos.release.xcconfig */ = {isa = PBXFileReference; includeInIndex = 1; lastKnownFileType = text.xcconfig; name = "Pods-ESCache-Demo-watchos.release.xcconfig"; path = "Target Support Files/Pods-ESCache-Demo-watchos/Pods-ESCache-Demo-watchos.release.xcconfig"; sourceTree = "<group>"; };
		D6F20B5B9B2DA2E85010229E /* Pods-ESCache-Demo.debug.xcconfig */ = {isa = PBXFileReference; includeInIndex = 1; lastKnownFileType = text.xcconfig; name = "Pods-ESCache-Demo.debug.xcconfig"; path = "Target Support Files/Pods-ESCache-Demo/Pods-ESCache-Demo.debug.xcconfig"; sourceTree = "<group>"; };
/* End PBXFileReference section */

/* Begin PBXFrameworksBuildPhase section */
		1AAC6C072582717000AA40FE /* Frameworks */ = {
			isa = PBXFrameworksBuildPhase;
			buildActionMask = 2147483647;
			files = (
				1B4878ED390D3E5AF4E04A53 /* Pods_ESCache_Demo.framework in Frameworks */,
			);
			runOnlyForDeploymentPostprocessing = 0;
		};
		1AAC6C3E258272B900AA40FE /* Frameworks */ = {
			isa = PBXFrameworksBuildPhase;
			buildActionMask = 2147483647;
			files = (
				4D684AC895827858E0F3335B /* Pods_ESCache_Demo_macos.framework in Frameworks */,
			);
			runOnlyForDeploymentPostprocessing = 0;
		};
		1AAC6C57258272F100AA40FE /* Frameworks */ = {
			isa = PBXFrameworksBuildPhase;
			buildActionMask = 2147483647;
			files = (
				C6A911B7E75E7B6647F1E292 /* Pods_ESCache_Demo_tvos.framework in Frameworks */,
			);
			runOnlyForDeploymentPostprocessing = 0;
		};
		1AAC6C832582746D00AA40FE /* Frameworks */ = {
			isa = PBXFrameworksBuildPhase;
			buildActionMask = 2147483647;
			files = (
				3EC8AA4D58E008932C24B1F1 /* Pods_ESCache_Demo_watchos_WatchKit_Extension.framework in Frameworks */,
			);
			runOnlyForDeploymentPostprocessing = 0;
		};
		F13EB41860647C4B554A301B /* Frameworks */ = {
			isa = PBXFrameworksBuildPhase;
			buildActionMask = 2147483647;
			files = (
				A3F79FD87FFB8D3B8BD7A83E /* Pods_ESCache_Demo_watchos.framework in Frameworks */,
			);
			runOnlyForDeploymentPostprocessing = 0;
		};
		FC1067C311D843592EF135D7 /* Frameworks */ = {
			isa = PBXFrameworksBuildPhase;
			buildActionMask = 2147483647;
			files = (
				0AF8701288555D493DE9C491 /* Pods_ESCache_Demo_watchos_WatchKit_App.framework in Frameworks */,
			);
			runOnlyForDeploymentPostprocessing = 0;
		};
/* End PBXFrameworksBuildPhase section */

/* Begin PBXGroup section */
		1AAC6C012582717000AA40FE = {
			isa = PBXGroup;
			children = (
				1AAC6C0C2582717000AA40FE /* ESCache-Demo */,
				1AAC6C42258272B900AA40FE /* ESCache-Demo-macos */,
				1AAC6C5B258272F100AA40FE /* ESCache-Demo-tvos */,
				1AAC6C7B2582746C00AA40FE /* ESCache-Demo-watchos WatchKit App */,
				1AAC6C8A2582746D00AA40FE /* ESCache-Demo-watchos WatchKit Extension */,
				1AAC6C0B2582717000AA40FE /* Products */,
				1AAC6C382582726000AA40FE /* Frameworks */,
				B263EFC9873EA23A37A4D401 /* Pods */,
			);
			sourceTree = "<group>";
		};
		1AAC6C0B2582717000AA40FE /* Products */ = {
			isa = PBXGroup;
			children = (
				1AAC6C0A2582717000AA40FE /* ESCache-Demo.app */,
				1AAC6C41258272B900AA40FE /* ESCache-Demo-macos.app */,
				1AAC6C5A258272F100AA40FE /* ESCache-Demo-tvos.app */,
				1AAC6C742582746B00AA40FE /* ESCache-Demo-watchos.app */,
				1AAC6C772582746C00AA40FE /* ESCache-Demo-watchos WatchKit App.app */,
				1AAC6C862582746D00AA40FE /* ESCache-Demo-watchos WatchKit Extension.appex */,
			);
			name = Products;
			sourceTree = "<group>";
		};
		1AAC6C0C2582717000AA40FE /* ESCache-Demo */ = {
			isa = PBXGroup;
			children = (
				1AAC6C0D2582717000AA40FE /* AppDelegate.swift */,
				1AAC6C0F2582717000AA40FE /* SceneDelegate.swift */,
				1AAC6C112582717000AA40FE /* ViewController.swift */,
				1AAC6C132582717000AA40FE /* Main.storyboard */,
				1AAC6C162582717000AA40FE /* Assets.xcassets */,
				1AAC6C182582717000AA40FE /* LaunchScreen.storyboard */,
				1AAC6C1B2582717000AA40FE /* Info.plist */,
			);
			path = "ESCache-Demo";
			sourceTree = "<group>";
		};
		1AAC6C382582726000AA40FE /* Frameworks */ = {
			isa = PBXGroup;
			children = (
				44F7BAAAFAFA76BD35A224BC /* Pods_ESCache_Demo.framework */,
				76FCD2BA351E2328AE786A02 /* Pods_ESCache_Demo_macos.framework */,
				04004DAEF5317A81CCECB131 /* Pods_ESCache_Demo_tvos.framework */,
				6AFC71CE08EB5B92A5A9DAD0 /* Pods_ESCache_Demo_watchos.framework */,
				1FF9EAB1943E08BE560F98CA /* Pods_ESCache_Demo_watchos_WatchKit_App.framework */,
				1EC5D8D862674C175DFFE4E9 /* Pods_ESCache_Demo_watchos_WatchKit_Extension.framework */,
			);
			name = Frameworks;
			sourceTree = "<group>";
		};
		1AAC6C42258272B900AA40FE /* ESCache-Demo-macos */ = {
			isa = PBXGroup;
			children = (
				1AAC6C43258272B900AA40FE /* AppDelegate.swift */,
				1AAC6C45258272B900AA40FE /* ViewController.swift */,
				1AAC6C47258272BA00AA40FE /* Assets.xcassets */,
				1AAC6C49258272BA00AA40FE /* Main.storyboard */,
				1AAC6C4C258272BA00AA40FE /* Info.plist */,
				1AAC6C4D258272BA00AA40FE /* ESCache_Demo_macos.entitlements */,
			);
			path = "ESCache-Demo-macos";
			sourceTree = "<group>";
		};
		1AAC6C5B258272F100AA40FE /* ESCache-Demo-tvos */ = {
			isa = PBXGroup;
			children = (
				1AAC6C5C258272F100AA40FE /* AppDelegate.swift */,
				1AAC6C5E258272F100AA40FE /* ViewController.swift */,
				1AAC6C60258272F100AA40FE /* Main.storyboard */,
				1AAC6C63258272F200AA40FE /* Assets.xcassets */,
				1AAC6C65258272F200AA40FE /* LaunchScreen.storyboard */,
				1AAC6C68258272F200AA40FE /* Info.plist */,
			);
			path = "ESCache-Demo-tvos";
			sourceTree = "<group>";
		};
		1AAC6C7B2582746C00AA40FE /* ESCache-Demo-watchos WatchKit App */ = {
			isa = PBXGroup;
			children = (
				1AAC6C7C2582746C00AA40FE /* Interface.storyboard */,
				1AAC6C7F2582746D00AA40FE /* Assets.xcassets */,
				1AAC6C812582746D00AA40FE /* Info.plist */,
			);
			path = "ESCache-Demo-watchos WatchKit App";
			sourceTree = "<group>";
		};
		1AAC6C8A2582746D00AA40FE /* ESCache-Demo-watchos WatchKit Extension */ = {
			isa = PBXGroup;
			children = (
				1AAC6C8B2582746D00AA40FE /* InterfaceController.swift */,
				1AAC6C8D2582746D00AA40FE /* ExtensionDelegate.swift */,
				1AAC6C912582746E00AA40FE /* Assets.xcassets */,
				1AAC6C932582746E00AA40FE /* Info.plist */,
			);
			path = "ESCache-Demo-watchos WatchKit Extension";
			sourceTree = "<group>";
		};
		B263EFC9873EA23A37A4D401 /* Pods */ = {
			isa = PBXGroup;
			children = (
				D6F20B5B9B2DA2E85010229E /* Pods-ESCache-Demo.debug.xcconfig */,
				BE8282BC13187424B9F1AE3B /* Pods-ESCache-Demo.release.xcconfig */,
				7DC43D64B88E838E1A6721CC /* Pods-ESCache-Demo-macos.debug.xcconfig */,
				AC8460FEA7D5890F9EEEDE01 /* Pods-ESCache-Demo-macos.release.xcconfig */,
				6CC25F32BE27EFB346D24474 /* Pods-ESCache-Demo-tvos.debug.xcconfig */,
				0CE10B18FEC99F3A7344B20F /* Pods-ESCache-Demo-tvos.release.xcconfig */,
				045729FD75F9141423FAFDFE /* Pods-ESCache-Demo-watchos.debug.xcconfig */,
				C6874669569D682F92442F62 /* Pods-ESCache-Demo-watchos.release.xcconfig */,
				8249AF6A75761F7595201DEB /* Pods-ESCache-Demo-watchos WatchKit App.debug.xcconfig */,
				2A789F337C5F9548A53827ED /* Pods-ESCache-Demo-watchos WatchKit App.release.xcconfig */,
				B21355234FC6EE017A62A89C /* Pods-ESCache-Demo-watchos WatchKit Extension.debug.xcconfig */,
				7BB65E8D37BC00ED41E480C8 /* Pods-ESCache-Demo-watchos WatchKit Extension.release.xcconfig */,
			);
			path = Pods;
			sourceTree = "<group>";
		};
/* End PBXGroup section */

/* Begin PBXNativeTarget section */
		1AAC6C092582717000AA40FE /* ESCache-Demo */ = {
			isa = PBXNativeTarget;
			buildConfigurationList = 1AAC6C1E2582717000AA40FE /* Build configuration list for PBXNativeTarget "ESCache-Demo" */;
			buildPhases = (
				D9CEE52BC21D1078802D9659 /* [CP] Check Pods Manifest.lock */,
				1AAC6C062582717000AA40FE /* Sources */,
				1AAC6C072582717000AA40FE /* Frameworks */,
				1AAC6C082582717000AA40FE /* Resources */,
				1AAC6C3C2582726000AA40FE /* Embed Frameworks */,
				583DECBB94D3DC7210C11320 /* [CP] Embed Pods Frameworks */,
			);
			buildRules = (
			);
			dependencies = (
			);
			name = "ESCache-Demo";
			productName = "ESCache-Demo";
			productReference = 1AAC6C0A2582717000AA40FE /* ESCache-Demo.app */;
			productType = "com.apple.product-type.application";
		};
		1AAC6C40258272B900AA40FE /* ESCache-Demo-macos */ = {
			isa = PBXNativeTarget;
			buildConfigurationList = 1AAC6C4E258272BA00AA40FE /* Build configuration list for PBXNativeTarget "ESCache-Demo-macos" */;
			buildPhases = (
				29E7A4243E9881B90AE32D11 /* [CP] Check Pods Manifest.lock */,
				1AAC6C3D258272B900AA40FE /* Sources */,
				1AAC6C3E258272B900AA40FE /* Frameworks */,
				1AAC6C3F258272B900AA40FE /* Resources */,
				1AAC6C55258272C400AA40FE /* Embed Frameworks */,
				EBDA96760ACE300BB48C765D /* [CP] Embed Pods Frameworks */,
			);
			buildRules = (
			);
			dependencies = (
			);
			name = "ESCache-Demo-macos";
			productName = "ESCache-Demo-macos";
			productReference = 1AAC6C41258272B900AA40FE /* ESCache-Demo-macos.app */;
			productType = "com.apple.product-type.application";
		};
		1AAC6C59258272F100AA40FE /* ESCache-Demo-tvos */ = {
			isa = PBXNativeTarget;
			buildConfigurationList = 1AAC6C69258272F200AA40FE /* Build configuration list for PBXNativeTarget "ESCache-Demo-tvos" */;
			buildPhases = (
				1ECC457F6E5E85C227ECA375 /* [CP] Check Pods Manifest.lock */,
				1AAC6C56258272F100AA40FE /* Sources */,
				1AAC6C57258272F100AA40FE /* Frameworks */,
				1AAC6C58258272F100AA40FE /* Resources */,
				1AAC6C70258272FB00AA40FE /* Embed Frameworks */,
				5930DCA59E839F6463497071 /* [CP] Embed Pods Frameworks */,
			);
			buildRules = (
			);
			dependencies = (
			);
			name = "ESCache-Demo-tvos";
			productName = "ESCache-Demo-tvos";
			productReference = 1AAC6C5A258272F100AA40FE /* ESCache-Demo-tvos.app */;
			productType = "com.apple.product-type.application";
		};
		1AAC6C732582746B00AA40FE /* ESCache-Demo-watchos */ = {
			isa = PBXNativeTarget;
			buildConfigurationList = 1AAC6C9C2582746E00AA40FE /* Build configuration list for PBXNativeTarget "ESCache-Demo-watchos" */;
			buildPhases = (
				C50F2591A02E9791A23C2A01 /* [CP] Check Pods Manifest.lock */,
				1AAC6C722582746B00AA40FE /* Resources */,
				1AAC6C9B2582746E00AA40FE /* Embed Watch Content */,
				F13EB41860647C4B554A301B /* Frameworks */,
			);
			buildRules = (
			);
			dependencies = (
				1AAC6C7A2582746C00AA40FE /* PBXTargetDependency */,
			);
			name = "ESCache-Demo-watchos";
			productName = "ESCache-Demo-watchos";
			productReference = 1AAC6C742582746B00AA40FE /* ESCache-Demo-watchos.app */;
			productType = "com.apple.product-type.application.watchapp2-container";
		};
		1AAC6C762582746C00AA40FE /* ESCache-Demo-watchos WatchKit App */ = {
			isa = PBXNativeTarget;
			buildConfigurationList = 1AAC6C982582746E00AA40FE /* Build configuration list for PBXNativeTarget "ESCache-Demo-watchos WatchKit App" */;
			buildPhases = (
				2DAB98BE2FB16E4C5AAF6CEE /* [CP] Check Pods Manifest.lock */,
				1AAC6C752582746C00AA40FE /* Resources */,
				1AAC6C972582746E00AA40FE /* Embed App Extensions */,
				FC1067C311D843592EF135D7 /* Frameworks */,
			);
			buildRules = (
			);
			dependencies = (
				1AAC6C892582746D00AA40FE /* PBXTargetDependency */,
			);
			name = "ESCache-Demo-watchos WatchKit App";
			productName = "ESCache-Demo-watchos WatchKit App";
			productReference = 1AAC6C772582746C00AA40FE /* ESCache-Demo-watchos WatchKit App.app */;
			productType = "com.apple.product-type.application.watchapp2";
		};
		1AAC6C852582746D00AA40FE /* ESCache-Demo-watchos WatchKit Extension */ = {
			isa = PBXNativeTarget;
			buildConfigurationList = 1AAC6C942582746E00AA40FE /* Build configuration list for PBXNativeTarget "ESCache-Demo-watchos WatchKit Extension" */;
			buildPhases = (
				8F6BBC26BDCE595B27704FF6 /* [CP] Check Pods Manifest.lock */,
				1AAC6C822582746D00AA40FE /* Sources */,
				1AAC6C832582746D00AA40FE /* Frameworks */,
				1AAC6C842582746D00AA40FE /* Resources */,
				1AAC6CA82582749800AA40FE /* Embed Frameworks */,
				784A2B9A9CA7676019D5C3A9 /* [CP] Embed Pods Frameworks */,
			);
			buildRules = (
			);
			dependencies = (
			);
			name = "ESCache-Demo-watchos WatchKit Extension";
			productName = "ESCache-Demo-watchos WatchKit Extension";
			productReference = 1AAC6C862582746D00AA40FE /* ESCache-Demo-watchos WatchKit Extension.appex */;
			productType = "com.apple.product-type.watchkit2-extension";
		};
/* End PBXNativeTarget section */

/* Begin PBXProject section */
		1AAC6C022582717000AA40FE /* Project object */ = {
			isa = PBXProject;
			attributes = {
				LastSwiftUpdateCheck = 1220;
				LastUpgradeCheck = 1220;
				TargetAttributes = {
					1AAC6C092582717000AA40FE = {
						CreatedOnToolsVersion = 12.2;
					};
					1AAC6C40258272B900AA40FE = {
						CreatedOnToolsVersion = 12.2;
					};
					1AAC6C59258272F100AA40FE = {
						CreatedOnToolsVersion = 12.2;
					};
					1AAC6C732582746B00AA40FE = {
						CreatedOnToolsVersion = 12.2;
					};
					1AAC6C762582746C00AA40FE = {
						CreatedOnToolsVersion = 12.2;
					};
					1AAC6C852582746D00AA40FE = {
						CreatedOnToolsVersion = 12.2;
					};
				};
			};
			buildConfigurationList = 1AAC6C052582717000AA40FE /* Build configuration list for PBXProject "ESCache-Demo" */;
			compatibilityVersion = "Xcode 9.3";
			developmentRegion = en;
			hasScannedForEncodings = 0;
			knownRegions = (
				en,
				Base,
			);
			mainGroup = 1AAC6C012582717000AA40FE;
			productRefGroup = 1AAC6C0B2582717000AA40FE /* Products */;
			projectDirPath = "";
			projectRoot = "";
			targets = (
				1AAC6C092582717000AA40FE /* ESCache-Demo */,
				1AAC6C40258272B900AA40FE /* ESCache-Demo-macos */,
				1AAC6C59258272F100AA40FE /* ESCache-Demo-tvos */,
				1AAC6C732582746B00AA40FE /* ESCache-Demo-watchos */,
				1AAC6C762582746C00AA40FE /* ESCache-Demo-watchos WatchKit App */,
				1AAC6C852582746D00AA40FE /* ESCache-Demo-watchos WatchKit Extension */,
			);
		};
/* End PBXProject section */

/* Begin PBXResourcesBuildPhase section */
		1AAC6C082582717000AA40FE /* Resources */ = {
			isa = PBXResourcesBuildPhase;
			buildActionMask = 2147483647;
			files = (
				1AAC6C1A2582717000AA40FE /* LaunchScreen.storyboard in Resources */,
				1AAC6C172582717000AA40FE /* Assets.xcassets in Resources */,
				1AAC6C152582717000AA40FE /* Main.storyboard in Resources */,
			);
			runOnlyForDeploymentPostprocessing = 0;
		};
		1AAC6C3F258272B900AA40FE /* Resources */ = {
			isa = PBXResourcesBuildPhase;
			buildActionMask = 2147483647;
			files = (
				1AAC6C48258272BA00AA40FE /* Assets.xcassets in Resources */,
				1AAC6C4B258272BA00AA40FE /* Main.storyboard in Resources */,
			);
			runOnlyForDeploymentPostprocessing = 0;
		};
		1AAC6C58258272F100AA40FE /* Resources */ = {
			isa = PBXResourcesBuildPhase;
			buildActionMask = 2147483647;
			files = (
				1AAC6C67258272F200AA40FE /* LaunchScreen.storyboard in Resources */,
				1AAC6C64258272F200AA40FE /* Assets.xcassets in Resources */,
				1AAC6C62258272F100AA40FE /* Main.storyboard in Resources */,
			);
			runOnlyForDeploymentPostprocessing = 0;
		};
		1AAC6C722582746B00AA40FE /* Resources */ = {
			isa = PBXResourcesBuildPhase;
			buildActionMask = 2147483647;
			files = (
			);
			runOnlyForDeploymentPostprocessing = 0;
		};
		1AAC6C752582746C00AA40FE /* Resources */ = {
			isa = PBXResourcesBuildPhase;
			buildActionMask = 2147483647;
			files = (
				1AAC6C802582746D00AA40FE /* Assets.xcassets in Resources */,
				1AAC6C7E2582746C00AA40FE /* Interface.storyboard in Resources */,
			);
			runOnlyForDeploymentPostprocessing = 0;
		};
		1AAC6C842582746D00AA40FE /* Resources */ = {
			isa = PBXResourcesBuildPhase;
			buildActionMask = 2147483647;
			files = (
				1AAC6C922582746E00AA40FE /* Assets.xcassets in Resources */,
			);
			runOnlyForDeploymentPostprocessing = 0;
		};
/* End PBXResourcesBuildPhase section */

/* Begin PBXShellScriptBuildPhase section */
		1ECC457F6E5E85C227ECA375 /* [CP] Check Pods Manifest.lock */ = {
			isa = PBXShellScriptBuildPhase;
			buildActionMask = 2147483647;
			files = (
			);
			inputFileListPaths = (
			);
			inputPaths = (
				"${PODS_PODFILE_DIR_PATH}/Podfile.lock",
				"${PODS_ROOT}/Manifest.lock",
			);
			name = "[CP] Check Pods Manifest.lock";
			outputFileListPaths = (
			);
			outputPaths = (
				"$(DERIVED_FILE_DIR)/Pods-ESCache-Demo-tvos-checkManifestLockResult.txt",
			);
			runOnlyForDeploymentPostprocessing = 0;
			shellPath = /bin/sh;
			shellScript = "diff \"${PODS_PODFILE_DIR_PATH}/Podfile.lock\" \"${PODS_ROOT}/Manifest.lock\" > /dev/null\nif [ $? != 0 ] ; then\n    # print error to STDERR\n    echo \"error: The sandbox is not in sync with the Podfile.lock. Run 'pod install' or update your CocoaPods installation.\" >&2\n    exit 1\nfi\n# This output is used by Xcode 'outputs' to avoid re-running this script phase.\necho \"SUCCESS\" > \"${SCRIPT_OUTPUT_FILE_0}\"\n";
			showEnvVarsInLog = 0;
		};
		29E7A4243E9881B90AE32D11 /* [CP] Check Pods Manifest.lock */ = {
			isa = PBXShellScriptBuildPhase;
			buildActionMask = 2147483647;
			files = (
			);
			inputFileListPaths = (
			);
			inputPaths = (
				"${PODS_PODFILE_DIR_PATH}/Podfile.lock",
				"${PODS_ROOT}/Manifest.lock",
			);
			name = "[CP] Check Pods Manifest.lock";
			outputFileListPaths = (
			);
			outputPaths = (
				"$(DERIVED_FILE_DIR)/Pods-ESCache-Demo-macos-checkManifestLockResult.txt",
			);
			runOnlyForDeploymentPostprocessing = 0;
			shellPath = /bin/sh;
			shellScript = "diff \"${PODS_PODFILE_DIR_PATH}/Podfile.lock\" \"${PODS_ROOT}/Manifest.lock\" > /dev/null\nif [ $? != 0 ] ; then\n    # print error to STDERR\n    echo \"error: The sandbox is not in sync with the Podfile.lock. Run 'pod install' or update your CocoaPods installation.\" >&2\n    exit 1\nfi\n# This output is used by Xcode 'outputs' to avoid re-running this script phase.\necho \"SUCCESS\" > \"${SCRIPT_OUTPUT_FILE_0}\"\n";
			showEnvVarsInLog = 0;
		};
		2DAB98BE2FB16E4C5AAF6CEE /* [CP] Check Pods Manifest.lock */ = {
			isa = PBXShellScriptBuildPhase;
			buildActionMask = 2147483647;
			files = (
			);
			inputFileListPaths = (
			);
			inputPaths = (
				"${PODS_PODFILE_DIR_PATH}/Podfile.lock",
				"${PODS_ROOT}/Manifest.lock",
			);
			name = "[CP] Check Pods Manifest.lock";
			outputFileListPaths = (
			);
			outputPaths = (
				"$(DERIVED_FILE_DIR)/Pods-ESCache-Demo-watchos WatchKit App-checkManifestLockResult.txt",
			);
			runOnlyForDeploymentPostprocessing = 0;
			shellPath = /bin/sh;
			shellScript = "diff \"${PODS_PODFILE_DIR_PATH}/Podfile.lock\" \"${PODS_ROOT}/Manifest.lock\" > /dev/null\nif [ $? != 0 ] ; then\n    # print error to STDERR\n    echo \"error: The sandbox is not in sync with the Podfile.lock. Run 'pod install' or update your CocoaPods installation.\" >&2\n    exit 1\nfi\n# This output is used by Xcode 'outputs' to avoid re-running this script phase.\necho \"SUCCESS\" > \"${SCRIPT_OUTPUT_FILE_0}\"\n";
			showEnvVarsInLog = 0;
		};
		583DECBB94D3DC7210C11320 /* [CP] Embed Pods Frameworks */ = {
			isa = PBXShellScriptBuildPhase;
			buildActionMask = 2147483647;
			files = (
			);
			inputFileListPaths = (
				"${PODS_ROOT}/Target Support Files/Pods-ESCache-Demo/Pods-ESCache-Demo-frameworks-${CONFIGURATION}-input-files.xcfilelist",
			);
			name = "[CP] Embed Pods Frameworks";
			outputFileListPaths = (
				"${PODS_ROOT}/Target Support Files/Pods-ESCache-Demo/Pods-ESCache-Demo-frameworks-${CONFIGURATION}-output-files.xcfilelist",
			);
			runOnlyForDeploymentPostprocessing = 0;
			shellPath = /bin/sh;
			shellScript = "\"${PODS_ROOT}/Target Support Files/Pods-ESCache-Demo/Pods-ESCache-Demo-frameworks.sh\"\n";
			showEnvVarsInLog = 0;
		};
		5930DCA59E839F6463497071 /* [CP] Embed Pods Frameworks */ = {
			isa = PBXShellScriptBuildPhase;
			buildActionMask = 2147483647;
			files = (
			);
			inputFileListPaths = (
				"${PODS_ROOT}/Target Support Files/Pods-ESCache-Demo-tvos/Pods-ESCache-Demo-tvos-frameworks-${CONFIGURATION}-input-files.xcfilelist",
			);
			name = "[CP] Embed Pods Frameworks";
			outputFileListPaths = (
				"${PODS_ROOT}/Target Support Files/Pods-ESCache-Demo-tvos/Pods-ESCache-Demo-tvos-frameworks-${CONFIGURATION}-output-files.xcfilelist",
			);
			runOnlyForDeploymentPostprocessing = 0;
			shellPath = /bin/sh;
			shellScript = "\"${PODS_ROOT}/Target Support Files/Pods-ESCache-Demo-tvos/Pods-ESCache-Demo-tvos-frameworks.sh\"\n";
			showEnvVarsInLog = 0;
		};
		784A2B9A9CA7676019D5C3A9 /* [CP] Embed Pods Frameworks */ = {
			isa = PBXShellScriptBuildPhase;
			buildActionMask = 2147483647;
			files = (
			);
			inputFileListPaths = (
				"${PODS_ROOT}/Target Support Files/Pods-ESCache-Demo-watchos WatchKit Extension/Pods-ESCache-Demo-watchos WatchKit Extension-frameworks-${CONFIGURATION}-input-files.xcfilelist",
			);
			name = "[CP] Embed Pods Frameworks";
			outputFileListPaths = (
				"${PODS_ROOT}/Target Support Files/Pods-ESCache-Demo-watchos WatchKit Extension/Pods-ESCache-Demo-watchos WatchKit Extension-frameworks-${CONFIGURATION}-output-files.xcfilelist",
			);
			runOnlyForDeploymentPostprocessing = 0;
			shellPath = /bin/sh;
			shellScript = "\"${PODS_ROOT}/Target Support Files/Pods-ESCache-Demo-watchos WatchKit Extension/Pods-ESCache-Demo-watchos WatchKit Extension-frameworks.sh\"\n";
			showEnvVarsInLog = 0;
		};
		8F6BBC26BDCE595B27704FF6 /* [CP] Check Pods Manifest.lock */ = {
			isa = PBXShellScriptBuildPhase;
			buildActionMask = 2147483647;
			files = (
			);
			inputFileListPaths = (
			);
			inputPaths = (
				"${PODS_PODFILE_DIR_PATH}/Podfile.lock",
				"${PODS_ROOT}/Manifest.lock",
			);
			name = "[CP] Check Pods Manifest.lock";
			outputFileListPaths = (
			);
			outputPaths = (
				"$(DERIVED_FILE_DIR)/Pods-ESCache-Demo-watchos WatchKit Extension-checkManifestLockResult.txt",
			);
			runOnlyForDeploymentPostprocessing = 0;
			shellPath = /bin/sh;
			shellScript = "diff \"${PODS_PODFILE_DIR_PATH}/Podfile.lock\" \"${PODS_ROOT}/Manifest.lock\" > /dev/null\nif [ $? != 0 ] ; then\n    # print error to STDERR\n    echo \"error: The sandbox is not in sync with the Podfile.lock. Run 'pod install' or update your CocoaPods installation.\" >&2\n    exit 1\nfi\n# This output is used by Xcode 'outputs' to avoid re-running this script phase.\necho \"SUCCESS\" > \"${SCRIPT_OUTPUT_FILE_0}\"\n";
			showEnvVarsInLog = 0;
		};
		C50F2591A02E9791A23C2A01 /* [CP] Check Pods Manifest.lock */ = {
			isa = PBXShellScriptBuildPhase;
			buildActionMask = 2147483647;
			files = (
			);
			inputFileListPaths = (
			);
			inputPaths = (
				"${PODS_PODFILE_DIR_PATH}/Podfile.lock",
				"${PODS_ROOT}/Manifest.lock",
			);
			name = "[CP] Check Pods Manifest.lock";
			outputFileListPaths = (
			);
			outputPaths = (
				"$(DERIVED_FILE_DIR)/Pods-ESCache-Demo-watchos-checkManifestLockResult.txt",
			);
			runOnlyForDeploymentPostprocessing = 0;
			shellPath = /bin/sh;
			shellScript = "diff \"${PODS_PODFILE_DIR_PATH}/Podfile.lock\" \"${PODS_ROOT}/Manifest.lock\" > /dev/null\nif [ $? != 0 ] ; then\n    # print error to STDERR\n    echo \"error: The sandbox is not in sync with the Podfile.lock. Run 'pod install' or update your CocoaPods installation.\" >&2\n    exit 1\nfi\n# This output is used by Xcode 'outputs' to avoid re-running this script phase.\necho \"SUCCESS\" > \"${SCRIPT_OUTPUT_FILE_0}\"\n";
			showEnvVarsInLog = 0;
		};
		D9CEE52BC21D1078802D9659 /* [CP] Check Pods Manifest.lock */ = {
			isa = PBXShellScriptBuildPhase;
			buildActionMask = 2147483647;
			files = (
			);
			inputFileListPaths = (
			);
			inputPaths = (
				"${PODS_PODFILE_DIR_PATH}/Podfile.lock",
				"${PODS_ROOT}/Manifest.lock",
			);
			name = "[CP] Check Pods Manifest.lock";
			outputFileListPaths = (
			);
			outputPaths = (
				"$(DERIVED_FILE_DIR)/Pods-ESCache-Demo-checkManifestLockResult.txt",
			);
			runOnlyForDeploymentPostprocessing = 0;
			shellPath = /bin/sh;
			shellScript = "diff \"${PODS_PODFILE_DIR_PATH}/Podfile.lock\" \"${PODS_ROOT}/Manifest.lock\" > /dev/null\nif [ $? != 0 ] ; then\n    # print error to STDERR\n    echo \"error: The sandbox is not in sync with the Podfile.lock. Run 'pod install' or update your CocoaPods installation.\" >&2\n    exit 1\nfi\n# This output is used by Xcode 'outputs' to avoid re-running this script phase.\necho \"SUCCESS\" > \"${SCRIPT_OUTPUT_FILE_0}\"\n";
			showEnvVarsInLog = 0;
		};
		EBDA96760ACE300BB48C765D /* [CP] Embed Pods Frameworks */ = {
			isa = PBXShellScriptBuildPhase;
			buildActionMask = 2147483647;
			files = (
			);
			inputFileListPaths = (
				"${PODS_ROOT}/Target Support Files/Pods-ESCache-Demo-macos/Pods-ESCache-Demo-macos-frameworks-${CONFIGURATION}-input-files.xcfilelist",
			);
			name = "[CP] Embed Pods Frameworks";
			outputFileListPaths = (
				"${PODS_ROOT}/Target Support Files/Pods-ESCache-Demo-macos/Pods-ESCache-Demo-macos-frameworks-${CONFIGURATION}-output-files.xcfilelist",
			);
			runOnlyForDeploymentPostprocessing = 0;
			shellPath = /bin/sh;
			shellScript = "\"${PODS_ROOT}/Target Support Files/Pods-ESCache-Demo-macos/Pods-ESCache-Demo-macos-frameworks.sh\"\n";
			showEnvVarsInLog = 0;
		};
/* End PBXShellScriptBuildPhase section */

/* Begin PBXSourcesBuildPhase section */
		1AAC6C062582717000AA40FE /* Sources */ = {
			isa = PBXSourcesBuildPhase;
			buildActionMask = 2147483647;
			files = (
				1AAC6C122582717000AA40FE /* ViewController.swift in Sources */,
				1AAC6C0E2582717000AA40FE /* AppDelegate.swift in Sources */,
				1AAC6C102582717000AA40FE /* SceneDelegate.swift in Sources */,
			);
			runOnlyForDeploymentPostprocessing = 0;
		};
		1AAC6C3D258272B900AA40FE /* Sources */ = {
			isa = PBXSourcesBuildPhase;
			buildActionMask = 2147483647;
			files = (
				1AAC6C46258272B900AA40FE /* ViewController.swift in Sources */,
				1AAC6C44258272B900AA40FE /* AppDelegate.swift in Sources */,
			);
			runOnlyForDeploymentPostprocessing = 0;
		};
		1AAC6C56258272F100AA40FE /* Sources */ = {
			isa = PBXSourcesBuildPhase;
			buildActionMask = 2147483647;
			files = (
				1AAC6C5F258272F100AA40FE /* ViewController.swift in Sources */,
				1AAC6C5D258272F100AA40FE /* AppDelegate.swift in Sources */,
			);
			runOnlyForDeploymentPostprocessing = 0;
		};
		1AAC6C822582746D00AA40FE /* Sources */ = {
			isa = PBXSourcesBuildPhase;
			buildActionMask = 2147483647;
			files = (
				1AAC6C8E2582746D00AA40FE /* ExtensionDelegate.swift in Sources */,
				1AAC6C8C2582746D00AA40FE /* InterfaceController.swift in Sources */,
			);
			runOnlyForDeploymentPostprocessing = 0;
		};
/* End PBXSourcesBuildPhase section */

/* Begin PBXTargetDependency section */
		1AAC6C7A2582746C00AA40FE /* PBXTargetDependency */ = {
			isa = PBXTargetDependency;
			target = 1AAC6C762582746C00AA40FE /* ESCache-Demo-watchos WatchKit App */;
			targetProxy = 1AAC6C792582746C00AA40FE /* PBXContainerItemProxy */;
		};
		1AAC6C892582746D00AA40FE /* PBXTargetDependency */ = {
			isa = PBXTargetDependency;
			target = 1AAC6C852582746D00AA40FE /* ESCache-Demo-watchos WatchKit Extension */;
			targetProxy = 1AAC6C882582746D00AA40FE /* PBXContainerItemProxy */;
		};
/* End PBXTargetDependency section */

/* Begin PBXVariantGroup section */
		1AAC6C132582717000AA40FE /* Main.storyboard */ = {
			isa = PBXVariantGroup;
			children = (
				1AAC6C142582717000AA40FE /* Base */,
			);
			name = Main.storyboard;
			sourceTree = "<group>";
		};
		1AAC6C182582717000AA40FE /* LaunchScreen.storyboard */ = {
			isa = PBXVariantGroup;
			children = (
				1AAC6C192582717000AA40FE /* Base */,
			);
			name = LaunchScreen.storyboard;
			sourceTree = "<group>";
		};
		1AAC6C49258272BA00AA40FE /* Main.storyboard */ = {
			isa = PBXVariantGroup;
			children = (
				1AAC6C4A258272BA00AA40FE /* Base */,
			);
			name = Main.storyboard;
			sourceTree = "<group>";
		};
		1AAC6C60258272F100AA40FE /* Main.storyboard */ = {
			isa = PBXVariantGroup;
			children = (
				1AAC6C61258272F100AA40FE /* Base */,
			);
			name = Main.storyboard;
			sourceTree = "<group>";
		};
		1AAC6C65258272F200AA40FE /* LaunchScreen.storyboard */ = {
			isa = PBXVariantGroup;
			children = (
				1AAC6C66258272F200AA40FE /* Base */,
			);
			name = LaunchScreen.storyboard;
			sourceTree = "<group>";
		};
		1AAC6C7C2582746C00AA40FE /* Interface.storyboard */ = {
			isa = PBXVariantGroup;
			children = (
				1AAC6C7D2582746C00AA40FE /* Base */,
			);
			name = Interface.storyboard;
			sourceTree = "<group>";
		};
/* End PBXVariantGroup section */

/* Begin XCBuildConfiguration section */
		1AAC6C1C2582717000AA40FE /* Debug */ = {
			isa = XCBuildConfiguration;
			buildSettings = {
				ALWAYS_SEARCH_USER_PATHS = NO;
				CLANG_ANALYZER_NONNULL = YES;
				CLANG_ANALYZER_NUMBER_OBJECT_CONVERSION = YES_AGGRESSIVE;
				CLANG_CXX_LANGUAGE_STANDARD = "gnu++14";
				CLANG_CXX_LIBRARY = "libc++";
				CLANG_ENABLE_MODULES = YES;
				CLANG_ENABLE_OBJC_ARC = YES;
				CLANG_ENABLE_OBJC_WEAK = YES;
				CLANG_WARN_BLOCK_CAPTURE_AUTORELEASING = YES;
				CLANG_WARN_BOOL_CONVERSION = YES;
				CLANG_WARN_COMMA = YES;
				CLANG_WARN_CONSTANT_CONVERSION = YES;
				CLANG_WARN_DEPRECATED_OBJC_IMPLEMENTATIONS = YES;
				CLANG_WARN_DIRECT_OBJC_ISA_USAGE = YES_ERROR;
				CLANG_WARN_DOCUMENTATION_COMMENTS = YES;
				CLANG_WARN_EMPTY_BODY = YES;
				CLANG_WARN_ENUM_CONVERSION = YES;
				CLANG_WARN_INFINITE_RECURSION = YES;
				CLANG_WARN_INT_CONVERSION = YES;
				CLANG_WARN_NON_LITERAL_NULL_CONVERSION = YES;
				CLANG_WARN_OBJC_IMPLICIT_RETAIN_SELF = YES;
				CLANG_WARN_OBJC_LITERAL_CONVERSION = YES;
				CLANG_WARN_OBJC_ROOT_CLASS = YES_ERROR;
				CLANG_WARN_QUOTED_INCLUDE_IN_FRAMEWORK_HEADER = YES;
				CLANG_WARN_RANGE_LOOP_ANALYSIS = YES;
				CLANG_WARN_STRICT_PROTOTYPES = YES;
				CLANG_WARN_SUSPICIOUS_MOVE = YES;
				CLANG_WARN_UNGUARDED_AVAILABILITY = YES_AGGRESSIVE;
				CLANG_WARN_UNREACHABLE_CODE = YES;
				CLANG_WARN__DUPLICATE_METHOD_MATCH = YES;
				COPY_PHASE_STRIP = NO;
				DEBUG_INFORMATION_FORMAT = dwarf;
				ENABLE_STRICT_OBJC_MSGSEND = YES;
				ENABLE_TESTABILITY = YES;
				GCC_C_LANGUAGE_STANDARD = gnu11;
				GCC_DYNAMIC_NO_PIC = NO;
				GCC_NO_COMMON_BLOCKS = YES;
				GCC_OPTIMIZATION_LEVEL = 0;
				GCC_PREPROCESSOR_DEFINITIONS = (
					"DEBUG=1",
					"$(inherited)",
				);
				GCC_WARN_64_TO_32_BIT_CONVERSION = YES;
				GCC_WARN_ABOUT_RETURN_TYPE = YES_ERROR;
				GCC_WARN_UNDECLARED_SELECTOR = YES;
				GCC_WARN_UNINITIALIZED_AUTOS = YES_AGGRESSIVE;
				GCC_WARN_UNUSED_FUNCTION = YES;
				GCC_WARN_UNUSED_VARIABLE = YES;
				IPHONEOS_DEPLOYMENT_TARGET = 14.2;
				MTL_ENABLE_DEBUG_INFO = INCLUDE_SOURCE;
				MTL_FAST_MATH = YES;
				ONLY_ACTIVE_ARCH = YES;
				SDKROOT = iphoneos;
				SWIFT_ACTIVE_COMPILATION_CONDITIONS = DEBUG;
				SWIFT_OPTIMIZATION_LEVEL = "-Onone";
			};
			name = Debug;
		};
		1AAC6C1D2582717000AA40FE /* Release */ = {
			isa = XCBuildConfiguration;
			buildSettings = {
				ALWAYS_SEARCH_USER_PATHS = NO;
				CLANG_ANALYZER_NONNULL = YES;
				CLANG_ANALYZER_NUMBER_OBJECT_CONVERSION = YES_AGGRESSIVE;
				CLANG_CXX_LANGUAGE_STANDARD = "gnu++14";
				CLANG_CXX_LIBRARY = "libc++";
				CLANG_ENABLE_MODULES = YES;
				CLANG_ENABLE_OBJC_ARC = YES;
				CLANG_ENABLE_OBJC_WEAK = YES;
				CLANG_WARN_BLOCK_CAPTURE_AUTORELEASING = YES;
				CLANG_WARN_BOOL_CONVERSION = YES;
				CLANG_WARN_COMMA = YES;
				CLANG_WARN_CONSTANT_CONVERSION = YES;
				CLANG_WARN_DEPRECATED_OBJC_IMPLEMENTATIONS = YES;
				CLANG_WARN_DIRECT_OBJC_ISA_USAGE = YES_ERROR;
				CLANG_WARN_DOCUMENTATION_COMMENTS = YES;
				CLANG_WARN_EMPTY_BODY = YES;
				CLANG_WARN_ENUM_CONVERSION = YES;
				CLANG_WARN_INFINITE_RECURSION = YES;
				CLANG_WARN_INT_CONVERSION = YES;
				CLANG_WARN_NON_LITERAL_NULL_CONVERSION = YES;
				CLANG_WARN_OBJC_IMPLICIT_RETAIN_SELF = YES;
				CLANG_WARN_OBJC_LITERAL_CONVERSION = YES;
				CLANG_WARN_OBJC_ROOT_CLASS = YES_ERROR;
				CLANG_WARN_QUOTED_INCLUDE_IN_FRAMEWORK_HEADER = YES;
				CLANG_WARN_RANGE_LOOP_ANALYSIS = YES;
				CLANG_WARN_STRICT_PROTOTYPES = YES;
				CLANG_WARN_SUSPICIOUS_MOVE = YES;
				CLANG_WARN_UNGUARDED_AVAILABILITY = YES_AGGRESSIVE;
				CLANG_WARN_UNREACHABLE_CODE = YES;
				CLANG_WARN__DUPLICATE_METHOD_MATCH = YES;
				COPY_PHASE_STRIP = NO;
				DEBUG_INFORMATION_FORMAT = "dwarf-with-dsym";
				ENABLE_NS_ASSERTIONS = NO;
				ENABLE_STRICT_OBJC_MSGSEND = YES;
				GCC_C_LANGUAGE_STANDARD = gnu11;
				GCC_NO_COMMON_BLOCKS = YES;
				GCC_WARN_64_TO_32_BIT_CONVERSION = YES;
				GCC_WARN_ABOUT_RETURN_TYPE = YES_ERROR;
				GCC_WARN_UNDECLARED_SELECTOR = YES;
				GCC_WARN_UNINITIALIZED_AUTOS = YES_AGGRESSIVE;
				GCC_WARN_UNUSED_FUNCTION = YES;
				GCC_WARN_UNUSED_VARIABLE = YES;
				IPHONEOS_DEPLOYMENT_TARGET = 14.2;
				MTL_ENABLE_DEBUG_INFO = NO;
				MTL_FAST_MATH = YES;
				SDKROOT = iphoneos;
				SWIFT_COMPILATION_MODE = wholemodule;
				SWIFT_OPTIMIZATION_LEVEL = "-O";
				VALIDATE_PRODUCT = YES;
			};
			name = Release;
		};
		1AAC6C1F2582717000AA40FE /* Debug */ = {
			isa = XCBuildConfiguration;
			baseConfigurationReference = D6F20B5B9B2DA2E85010229E /* Pods-ESCache-Demo.debug.xcconfig */;
			buildSettings = {
				ASSETCATALOG_COMPILER_APPICON_NAME = AppIcon;
				ASSETCATALOG_COMPILER_GLOBAL_ACCENT_COLOR_NAME = AccentColor;
				CODE_SIGN_STYLE = Automatic;
				DEVELOPMENT_TEAM = 3F47987WD3;
				INFOPLIST_FILE = "ESCache-Demo/Info.plist";
				IPHONEOS_DEPLOYMENT_TARGET = 9.0;
				LD_RUNPATH_SEARCH_PATHS = (
					"$(inherited)",
					"@executable_path/Frameworks",
				);
				PRODUCT_BUNDLE_IDENTIFIER = "com.lshxin.ESCache-Demo";
				PRODUCT_NAME = "$(TARGET_NAME)";
				SWIFT_VERSION = 5.0;
				TARGETED_DEVICE_FAMILY = "1,2";
			};
			name = Debug;
		};
		1AAC6C202582717000AA40FE /* Release */ = {
			isa = XCBuildConfiguration;
			baseConfigurationReference = BE8282BC13187424B9F1AE3B /* Pods-ESCache-Demo.release.xcconfig */;
			buildSettings = {
				ASSETCATALOG_COMPILER_APPICON_NAME = AppIcon;
				ASSETCATALOG_COMPILER_GLOBAL_ACCENT_COLOR_NAME = AccentColor;
				CODE_SIGN_STYLE = Automatic;
				DEVELOPMENT_TEAM = 3F47987WD3;
				INFOPLIST_FILE = "ESCache-Demo/Info.plist";
				IPHONEOS_DEPLOYMENT_TARGET = 9.0;
				LD_RUNPATH_SEARCH_PATHS = (
					"$(inherited)",
					"@executable_path/Frameworks",
				);
				PRODUCT_BUNDLE_IDENTIFIER = "com.lshxin.ESCache-Demo";
				PRODUCT_NAME = "$(TARGET_NAME)";
				SWIFT_VERSION = 5.0;
				TARGETED_DEVICE_FAMILY = "1,2";
			};
			name = Release;
		};
		1AAC6C4F258272BA00AA40FE /* Debug */ = {
			isa = XCBuildConfiguration;
			baseConfigurationReference = 7DC43D64B88E838E1A6721CC /* Pods-ESCache-Demo-macos.debug.xcconfig */;
			buildSettings = {
				ASSETCATALOG_COMPILER_APPICON_NAME = AppIcon;
				ASSETCATALOG_COMPILER_GLOBAL_ACCENT_COLOR_NAME = AccentColor;
				CODE_SIGN_ENTITLEMENTS = "ESCache-Demo-macos/ESCache_Demo_macos.entitlements";
				CODE_SIGN_STYLE = Automatic;
				COMBINE_HIDPI_IMAGES = YES;
				DEVELOPMENT_TEAM = 3F47987WD3;
				ENABLE_HARDENED_RUNTIME = YES;
				INFOPLIST_FILE = "ESCache-Demo-macos/Info.plist";
				LD_RUNPATH_SEARCH_PATHS = (
					"$(inherited)",
					"@executable_path/../Frameworks",
				);
				MACOSX_DEPLOYMENT_TARGET = 10.15;
				PRODUCT_BUNDLE_IDENTIFIER = "com.lshxin.ESCache-Demo-macos";
				PRODUCT_NAME = "$(TARGET_NAME)";
				SDKROOT = macosx;
				SWIFT_VERSION = 5.0;
			};
			name = Debug;
		};
		1AAC6C50258272BA00AA40FE /* Release */ = {
			isa = XCBuildConfiguration;
			baseConfigurationReference = AC8460FEA7D5890F9EEEDE01 /* Pods-ESCache-Demo-macos.release.xcconfig */;
			buildSettings = {
				ASSETCATALOG_COMPILER_APPICON_NAME = AppIcon;
				ASSETCATALOG_COMPILER_GLOBAL_ACCENT_COLOR_NAME = AccentColor;
				CODE_SIGN_ENTITLEMENTS = "ESCache-Demo-macos/ESCache_Demo_macos.entitlements";
				CODE_SIGN_STYLE = Automatic;
				COMBINE_HIDPI_IMAGES = YES;
				DEVELOPMENT_TEAM = 3F47987WD3;
				ENABLE_HARDENED_RUNTIME = YES;
				INFOPLIST_FILE = "ESCache-Demo-macos/Info.plist";
				LD_RUNPATH_SEARCH_PATHS = (
					"$(inherited)",
					"@executable_path/../Frameworks",
				);
				MACOSX_DEPLOYMENT_TARGET = 10.15;
				PRODUCT_BUNDLE_IDENTIFIER = "com.lshxin.ESCache-Demo-macos";
				PRODUCT_NAME = "$(TARGET_NAME)";
				SDKROOT = macosx;
				SWIFT_VERSION = 5.0;
			};
			name = Release;
		};
		1AAC6C6A258272F200AA40FE /* Debug */ = {
			isa = XCBuildConfiguration;
			baseConfigurationReference = 6CC25F32BE27EFB346D24474 /* Pods-ESCache-Demo-tvos.debug.xcconfig */;
			buildSettings = {
				ASSETCATALOG_COMPILER_APPICON_NAME = "App Icon & Top Shelf Image";
				ASSETCATALOG_COMPILER_GLOBAL_ACCENT_COLOR_NAME = AccentColor;
				CODE_SIGN_STYLE = Automatic;
				DEVELOPMENT_TEAM = 3F47987WD3;
				INFOPLIST_FILE = "ESCache-Demo-tvos/Info.plist";
				LD_RUNPATH_SEARCH_PATHS = (
					"$(inherited)",
					"@executable_path/Frameworks",
				);
				PRODUCT_BUNDLE_IDENTIFIER = "com.lshxin.ESCache-Demo-tvos";
				PRODUCT_NAME = "$(TARGET_NAME)";
				SDKROOT = appletvos;
				SWIFT_VERSION = 5.0;
				TARGETED_DEVICE_FAMILY = 3;
				TVOS_DEPLOYMENT_TARGET = 14.2;
			};
			name = Debug;
		};
		1AAC6C6B258272F200AA40FE /* Release */ = {
			isa = XCBuildConfiguration;
			baseConfigurationReference = 0CE10B18FEC99F3A7344B20F /* Pods-ESCache-Demo-tvos.release.xcconfig */;
			buildSettings = {
				ASSETCATALOG_COMPILER_APPICON_NAME = "App Icon & Top Shelf Image";
				ASSETCATALOG_COMPILER_GLOBAL_ACCENT_COLOR_NAME = AccentColor;
				CODE_SIGN_STYLE = Automatic;
				DEVELOPMENT_TEAM = 3F47987WD3;
				INFOPLIST_FILE = "ESCache-Demo-tvos/Info.plist";
				LD_RUNPATH_SEARCH_PATHS = (
					"$(inherited)",
					"@executable_path/Frameworks",
				);
				PRODUCT_BUNDLE_IDENTIFIER = "com.lshxin.ESCache-Demo-tvos";
				PRODUCT_NAME = "$(TARGET_NAME)";
				SDKROOT = appletvos;
				SWIFT_VERSION = 5.0;
				TARGETED_DEVICE_FAMILY = 3;
				TVOS_DEPLOYMENT_TARGET = 14.2;
			};
			name = Release;
		};
		1AAC6C952582746E00AA40FE /* Debug */ = {
			isa = XCBuildConfiguration;
			baseConfigurationReference = B21355234FC6EE017A62A89C /* Pods-ESCache-Demo-watchos WatchKit Extension.debug.xcconfig */;
			buildSettings = {
				ASSETCATALOG_COMPILER_COMPLICATION_NAME = Complication;
				CODE_SIGN_STYLE = Automatic;
				DEVELOPMENT_TEAM = 3F47987WD3;
				INFOPLIST_FILE = "ESCache-Demo-watchos WatchKit Extension/Info.plist";
				LD_RUNPATH_SEARCH_PATHS = (
					"$(inherited)",
					"@executable_path/Frameworks",
					"@executable_path/../../Frameworks",
				);
				PRODUCT_BUNDLE_IDENTIFIER = "com.lshxin.ESCache-Demo-watchos.watchkitapp.watchkitextension";
				PRODUCT_NAME = "${TARGET_NAME}";
				SDKROOT = watchos;
				SKIP_INSTALL = YES;
				SWIFT_VERSION = 5.0;
				TARGETED_DEVICE_FAMILY = 4;
				WATCHOS_DEPLOYMENT_TARGET = 7.1;
			};
			name = Debug;
		};
		1AAC6C962582746E00AA40FE /* Release */ = {
			isa = XCBuildConfiguration;
			baseConfigurationReference = 7BB65E8D37BC00ED41E480C8 /* Pods-ESCache-Demo-watchos WatchKit Extension.release.xcconfig */;
			buildSettings = {
				ASSETCATALOG_COMPILER_COMPLICATION_NAME = Complication;
				CODE_SIGN_STYLE = Automatic;
				DEVELOPMENT_TEAM = 3F47987WD3;
				INFOPLIST_FILE = "ESCache-Demo-watchos WatchKit Extension/Info.plist";
				LD_RUNPATH_SEARCH_PATHS = (
					"$(inherited)",
					"@executable_path/Frameworks",
					"@executable_path/../../Frameworks",
				);
				PRODUCT_BUNDLE_IDENTIFIER = "com.lshxin.ESCache-Demo-watchos.watchkitapp.watchkitextension";
				PRODUCT_NAME = "${TARGET_NAME}";
				SDKROOT = watchos;
				SKIP_INSTALL = YES;
				SWIFT_VERSION = 5.0;
				TARGETED_DEVICE_FAMILY = 4;
				WATCHOS_DEPLOYMENT_TARGET = 7.1;
			};
			name = Release;
		};
		1AAC6C992582746E00AA40FE /* Debug */ = {
			isa = XCBuildConfiguration;
			baseConfigurationReference = 8249AF6A75761F7595201DEB /* Pods-ESCache-Demo-watchos WatchKit App.debug.xcconfig */;
			buildSettings = {
				ALWAYS_EMBED_SWIFT_STANDARD_LIBRARIES = YES;
				ASSETCATALOG_COMPILER_APPICON_NAME = AppIcon;
				ASSETCATALOG_COMPILER_GLOBAL_ACCENT_COLOR_NAME = AccentColor;
				CODE_SIGN_STYLE = Automatic;
				DEVELOPMENT_TEAM = 3F47987WD3;
				IBSC_MODULE = ESCache_Demo_watchos_WatchKit_Extension;
				INFOPLIST_FILE = "ESCache-Demo-watchos WatchKit App/Info.plist";
				PRODUCT_BUNDLE_IDENTIFIER = "com.lshxin.ESCache-Demo-watchos.watchkitapp";
				PRODUCT_NAME = "$(TARGET_NAME)";
				SDKROOT = watchos;
				SKIP_INSTALL = YES;
				SWIFT_VERSION = 5.0;
				TARGETED_DEVICE_FAMILY = 4;
				WATCHOS_DEPLOYMENT_TARGET = 7.1;
			};
			name = Debug;
		};
		1AAC6C9A2582746E00AA40FE /* Release */ = {
			isa = XCBuildConfiguration;
			baseConfigurationReference = 2A789F337C5F9548A53827ED /* Pods-ESCache-Demo-watchos WatchKit App.release.xcconfig */;
			buildSettings = {
				ALWAYS_EMBED_SWIFT_STANDARD_LIBRARIES = YES;
				ASSETCATALOG_COMPILER_APPICON_NAME = AppIcon;
				ASSETCATALOG_COMPILER_GLOBAL_ACCENT_COLOR_NAME = AccentColor;
				CODE_SIGN_STYLE = Automatic;
				DEVELOPMENT_TEAM = 3F47987WD3;
				IBSC_MODULE = ESCache_Demo_watchos_WatchKit_Extension;
				INFOPLIST_FILE = "ESCache-Demo-watchos WatchKit App/Info.plist";
				PRODUCT_BUNDLE_IDENTIFIER = "com.lshxin.ESCache-Demo-watchos.watchkitapp";
				PRODUCT_NAME = "$(TARGET_NAME)";
				SDKROOT = watchos;
				SKIP_INSTALL = YES;
				SWIFT_VERSION = 5.0;
				TARGETED_DEVICE_FAMILY = 4;
				WATCHOS_DEPLOYMENT_TARGET = 7.1;
			};
			name = Release;
		};
		1AAC6C9D2582746E00AA40FE /* Debug */ = {
			isa = XCBuildConfiguration;
			baseConfigurationReference = 045729FD75F9141423FAFDFE /* Pods-ESCache-Demo-watchos.debug.xcconfig */;
			buildSettings = {
				CODE_SIGN_STYLE = Automatic;
				CURRENT_PROJECT_VERSION = 1;
				DEVELOPMENT_TEAM = 3F47987WD3;
				MARKETING_VERSION = 1.0;
				PRODUCT_BUNDLE_IDENTIFIER = "com.lshxin.ESCache-Demo-watchos";
				PRODUCT_NAME = "$(TARGET_NAME)";
				SWIFT_VERSION = 5.0;
			};
			name = Debug;
		};
		1AAC6C9E2582746E00AA40FE /* Release */ = {
			isa = XCBuildConfiguration;
			baseConfigurationReference = C6874669569D682F92442F62 /* Pods-ESCache-Demo-watchos.release.xcconfig */;
			buildSettings = {
				CODE_SIGN_STYLE = Automatic;
				CURRENT_PROJECT_VERSION = 1;
				DEVELOPMENT_TEAM = 3F47987WD3;
				MARKETING_VERSION = 1.0;
				PRODUCT_BUNDLE_IDENTIFIER = "com.lshxin.ESCache-Demo-watchos";
				PRODUCT_NAME = "$(TARGET_NAME)";
				SWIFT_VERSION = 5.0;
			};
			name = Release;
		};
/* End XCBuildConfiguration section */

/* Begin XCConfigurationList section */
		1AAC6C052582717000AA40FE /* Build configuration list for PBXProject "ESCache-Demo" */ = {
			isa = XCConfigurationList;
			buildConfigurations = (
				1AAC6C1C2582717000AA40FE /* Debug */,
				1AAC6C1D2582717000AA40FE /* Release */,
			);
			defaultConfigurationIsVisible = 0;
			defaultConfigurationName = Release;
		};
		1AAC6C1E2582717000AA40FE /* Build configuration list for PBXNativeTarget "ESCache-Demo" */ = {
			isa = XCConfigurationList;
			buildConfigurations = (
				1AAC6C1F2582717000AA40FE /* Debug */,
				1AAC6C202582717000AA40FE /* Release */,
			);
			defaultConfigurationIsVisible = 0;
			defaultConfigurationName = Release;
		};
		1AAC6C4E258272BA00AA40FE /* Build configuration list for PBXNativeTarget "ESCache-Demo-macos" */ = {
			isa = XCConfigurationList;
			buildConfigurations = (
				1AAC6C4F258272BA00AA40FE /* Debug */,
				1AAC6C50258272BA00AA40FE /* Release */,
			);
			defaultConfigurationIsVisible = 0;
			defaultConfigurationName = Release;
		};
		1AAC6C69258272F200AA40FE /* Build configuration list for PBXNativeTarget "ESCache-Demo-tvos" */ = {
			isa = XCConfigurationList;
			buildConfigurations = (
				1AAC6C6A258272F200AA40FE /* Debug */,
				1AAC6C6B258272F200AA40FE /* Release */,
			);
			defaultConfigurationIsVisible = 0;
			defaultConfigurationName = Release;
		};
		1AAC6C942582746E00AA40FE /* Build configuration list for PBXNativeTarget "ESCache-Demo-watchos WatchKit Extension" */ = {
			isa = XCConfigurationList;
			buildConfigurations = (
				1AAC6C952582746E00AA40FE /* Debug */,
				1AAC6C962582746E00AA40FE /* Release */,
			);
			defaultConfigurationIsVisible = 0;
			defaultConfigurationName = Release;
		};
		1AAC6C982582746E00AA40FE /* Build configuration list for PBXNativeTarget "ESCache-Demo-watchos WatchKit App" */ = {
			isa = XCConfigurationList;
			buildConfigurations = (
				1AAC6C992582746E00AA40FE /* Debug */,
				1AAC6C9A2582746E00AA40FE /* Release */,
			);
			defaultConfigurationIsVisible = 0;
			defaultConfigurationName = Release;
		};
		1AAC6C9C2582746E00AA40FE /* Build configuration list for PBXNativeTarget "ESCache-Demo-watchos" */ = {
			isa = XCConfigurationList;
			buildConfigurations = (
				1AAC6C9D2582746E00AA40FE /* Debug */,
				1AAC6C9E2582746E00AA40FE /* Release */,
			);
			defaultConfigurationIsVisible = 0;
			defaultConfigurationName = Release;
		};
/* End XCConfigurationList section */
	};
	rootObject = 1AAC6C022582717000AA40FE /* Project object */;
}
