{
  "object": {
    "pins": [
      {
        "package": "ESCache",
        "repositoryURL": "https://github.com/KKLater/ESCache.git",
        "state": {
          "branch": "dev",
          "revision": "9d692be772b795dd0e15f0a6fe4bafc9c1d7c802",
          "version": null
        }
      }
    ]
  },
  "version": 1
}
