{
  "object": {
    "pins": [
      {
        "package": "ESCache",
        "repositoryURL": "https://github.com/KKLater/ESCache.git",
        "state": {
          "branch": "dev",
          "revision": "0cfee8f33407c5a4d23e6cb1f8fa0e1397406601",
          "version": null
        }
      }
    ]
  },
  "version": 1
}
